
Microsoft Visual Studio Solution File, Format Version 12.00
# Visual Studio Version 16
VisualStudioVersion = 16.0.31515.178
MinimumVisualStudioVersion = 10.0.40219.1
Project("{FAE04EC0-301F-11D3-BF4B-00C04F79EFBC}") = "TiendaServicios.Api.Autor", "TiendaServicios.Api.Autor\TiendaServicios.Api.Autor.csproj", "{2FC46E05-D483-482B-911E-79A1CD688ADD}"
EndProject
Global
	GlobalSection(SolutionConfigurationPlatforms) = preSolution
		Debug|Any CPU = Debug|Any CPU
		Release|Any CPU = Release|Any CPU
	EndGlobalSection
	GlobalSection(ProjectConfigurationPlatforms) = postSolution
		{2FC46E05-D483-482B-911E-79A1CD688ADD}.Debug|Any CPU.ActiveCfg = Debug|Any CPU
		{2FC46E05-D483-482B-911E-79A1CD688ADD}.Debug|Any CPU.Build.0 = Debug|Any CPU
		{2FC46E05-D483-482B-911E-79A1CD688ADD}.Release|Any CPU.ActiveCfg = Release|Any CPU
		{2FC46E05-D483-482B-911E-79A1CD688ADD}.Release|Any CPU.Build.0 = Release|Any CPU
	EndGlobalSection
	GlobalSection(SolutionProperties) = preSolution
		HideSolutionNode = FALSE
	EndGlobalSection
	GlobalSection(ExtensibilityGlobals) = postSolution
		SolutionGuid = {B3B25FCD-9C98-46B2-912A-8DE4136B0B84}
	EndGlobalSection
EndGlobal
